
Microsoft Visual Studio Solution File, Format Version 12.00
# Visual Studio Version 16
VisualStudioVersion = 16.0.31205.134
MinimumVisualStudioVersion = 10.0.40219.1
Project("{8BC9CEB8-8B4A-11D0-8D11-00A0C91BC942}") = "Josephus", "Josephus\Josephus.vcxproj", "{E2F3BA9B-2126-4F46-9644-9E1B6403073C}"
EndProject
Global
	GlobalSection(SolutionConfigurationPlatforms) = preSolution
		Debug|x64 = Debug|x64
		Debug|x86 = Debug|x86
		Release|x64 = Release|x64
		Release|x86 = Release|x86
	EndGlobalSection
	GlobalSection(ProjectConfigurationPlatforms) = postSolution
		{E2F3BA9B-2126-4F46-9644-9E1B6403073C}.Debug|x64.ActiveCfg = Debug|x64
		{E2F3BA9B-2126-4F46-9644-9E1B6403073C}.Debug|x64.Build.0 = Debug|x64
		{E2F3BA9B-2126-4F46-9644-9E1B6403073C}.Debug|x86.ActiveCfg = Debug|Win32
		{E2F3BA9B-2126-4F46-9644-9E1B6403073C}.Debug|x86.Build.0 = Debug|Win32
		{E2F3BA9B-2126-4F46-9644-9E1B6403073C}.Release|x64.ActiveCfg = Release|x64
		{E2F3BA9B-2126-4F46-9644-9E1B6403073C}.Release|x64.Build.0 = Release|x64
		{E2F3BA9B-2126-4F46-9644-9E1B6403073C}.Release|x86.ActiveCfg = Release|Win32
		{E2F3BA9B-2126-4F46-9644-9E1B6403073C}.Release|x86.Build.0 = Release|Win32
	EndGlobalSection
	GlobalSection(SolutionProperties) = preSolution
		HideSolutionNode = FALSE
	EndGlobalSection
	GlobalSection(ExtensibilityGlobals) = postSolution
		SolutionGuid = {4A40C8BE-20FB-47D2-89F7-181965F20D47}
	EndGlobalSection
EndGlobal
